
Microsoft Visual Studio Solution File, Format Version 12.00
# Visual Studio Version 17
VisualStudioVersion = 17.12.35527.113 d17.12
MinimumVisualStudioVersion = 10.0.40219.1
Project("{FAE04EC0-301F-11D3-BF4B-00C04F79EFBC}") = "NumericalIntegration.Core", "NumericalIntegration.Core\NumericalIntegration.Core.csproj", "{47232C5F-E264-4BF5-9C2B-B233A487FE6D}"
EndProject
Project("{FAE04EC0-301F-11D3-BF4B-00C04F79EFBC}") = "NumericalIntegration.Tests", "NumericalIntegration.Tests\NumericalIntegration.Tests.csproj", "{C568EDD6-34A6-446B-973A-41D54B93CE22}"
EndProject
Project("{FAE04EC0-301F-11D3-BF4B-00C04F79EFBC}") = "NumericalIntegration.Frontend", "NumericalIntegration.Frontend\NumericalIntegration.Frontend.csproj", "{4772F7F5-A022-4591-93D0-0C3B2B5EBC1D}"
EndProject
Project("{FAE04EC0-301F-11D3-BF4B-00C04F79EFBC}") = "NumericalIntegration.Api", "NumericalIntegration.Api\NumericalIntegration.Api.csproj", "{1EB1357E-A720-4D64-8643-F8764625D0DF}"
EndProject
Global
	GlobalSection(SolutionConfigurationPlatforms) = preSolution
		Debug|Any CPU = Debug|Any CPU
		Release|Any CPU = Release|Any CPU
	EndGlobalSection
	GlobalSection(ProjectConfigurationPlatforms) = postSolution
		{47232C5F-E264-4BF5-9C2B-B233A487FE6D}.Debug|Any CPU.ActiveCfg = Debug|Any CPU
		{47232C5F-E264-4BF5-9C2B-B233A487FE6D}.Debug|Any CPU.Build.0 = Debug|Any CPU
		{47232C5F-E264-4BF5-9C2B-B233A487FE6D}.Release|Any CPU.ActiveCfg = Release|Any CPU
		{47232C5F-E264-4BF5-9C2B-B233A487FE6D}.Release|Any CPU.Build.0 = Release|Any CPU
		{C568EDD6-34A6-446B-973A-41D54B93CE22}.Debug|Any CPU.ActiveCfg = Debug|Any CPU
		{C568EDD6-34A6-446B-973A-41D54B93CE22}.Debug|Any CPU.Build.0 = Debug|Any CPU
		{C568EDD6-34A6-446B-973A-41D54B93CE22}.Release|Any CPU.ActiveCfg = Release|Any CPU
		{C568EDD6-34A6-446B-973A-41D54B93CE22}.Release|Any CPU.Build.0 = Release|Any CPU
		{4772F7F5-A022-4591-93D0-0C3B2B5EBC1D}.Debug|Any CPU.ActiveCfg = Debug|Any CPU
		{4772F7F5-A022-4591-93D0-0C3B2B5EBC1D}.Debug|Any CPU.Build.0 = Debug|Any CPU
		{4772F7F5-A022-4591-93D0-0C3B2B5EBC1D}.Release|Any CPU.ActiveCfg = Release|Any CPU
		{4772F7F5-A022-4591-93D0-0C3B2B5EBC1D}.Release|Any CPU.Build.0 = Release|Any CPU
		{1EB1357E-A720-4D64-8643-F8764625D0DF}.Debug|Any CPU.ActiveCfg = Debug|Any CPU
		{1EB1357E-A720-4D64-8643-F8764625D0DF}.Debug|Any CPU.Build.0 = Debug|Any CPU
		{1EB1357E-A720-4D64-8643-F8764625D0DF}.Release|Any CPU.ActiveCfg = Release|Any CPU
		{1EB1357E-A720-4D64-8643-F8764625D0DF}.Release|Any CPU.Build.0 = Release|Any CPU
	EndGlobalSection
	GlobalSection(SolutionProperties) = preSolution
		HideSolutionNode = FALSE
	EndGlobalSection
EndGlobal
